
Microsoft Visual Studio Solution File, Format Version 12.00
# Visual Studio Version 16
VisualStudioVersion = 16.0.32802.440
MinimumVisualStudioVersion = 10.0.40219.1
Project("{FAE04EC0-301F-11D3-BF4B-00C04F79EFBC}") = "Enums", "Enums.csproj", "{B82E51E8-F95B-47CE-9D24-C857C6270445}"
EndProject
Global
	GlobalSection(SolutionConfigurationPlatforms) = preSolution
		Debug|Any CPU = Debug|Any CPU
		Release|Any CPU = Release|Any CPU
	EndGlobalSection
	GlobalSection(ProjectConfigurationPlatforms) = postSolution
		{B82E51E8-F95B-47CE-9D24-C857C6270445}.Debug|Any CPU.ActiveCfg = Debug|Any CPU
		{B82E51E8-F95B-47CE-9D24-C857C6270445}.Debug|Any CPU.Build.0 = Debug|Any CPU
		{B82E51E8-F95B-47CE-9D24-C857C6270445}.Release|Any CPU.ActiveCfg = Release|Any CPU
		{B82E51E8-F95B-47CE-9D24-C857C6270445}.Release|Any CPU.Build.0 = Release|Any CPU
	EndGlobalSection
	GlobalSection(SolutionProperties) = preSolution
		HideSolutionNode = FALSE
	EndGlobalSection
	GlobalSection(ExtensibilityGlobals) = postSolution
		SolutionGuid = {5C417FF2-9E34-4194-9AA0-CA4749F3FACC}
	EndGlobalSection
EndGlobal
