
Microsoft Visual Studio Solution File, Format Version 12.00
# Visual Studio Version 16
VisualStudioVersion = 16.0.32802.440
MinimumVisualStudioVersion = 10.0.40219.1
Project("{FAE04EC0-301F-11D3-BF4B-00C04F79EFBC}") = "OperatorOverloading", "OperatorOverloading.csproj", "{64672501-5340-4509-ABAF-42C1314D8442}"
EndProject
Global
	GlobalSection(SolutionConfigurationPlatforms) = preSolution
		Debug|Any CPU = Debug|Any CPU
		Release|Any CPU = Release|Any CPU
	EndGlobalSection
	GlobalSection(ProjectConfigurationPlatforms) = postSolution
		{64672501-5340-4509-ABAF-42C1314D8442}.Debug|Any CPU.ActiveCfg = Debug|Any CPU
		{64672501-5340-4509-ABAF-42C1314D8442}.Debug|Any CPU.Build.0 = Debug|Any CPU
		{64672501-5340-4509-ABAF-42C1314D8442}.Release|Any CPU.ActiveCfg = Release|Any CPU
		{64672501-5340-4509-ABAF-42C1314D8442}.Release|Any CPU.Build.0 = Release|Any CPU
	EndGlobalSection
	GlobalSection(SolutionProperties) = preSolution
		HideSolutionNode = FALSE
	EndGlobalSection
	GlobalSection(ExtensibilityGlobals) = postSolution
		SolutionGuid = {DEB6E80F-C3E7-4C1A-8249-3C9DBBD82279}
	EndGlobalSection
EndGlobal
