
Microsoft Visual Studio Solution File, Format Version 12.00
# Visual Studio Version 16
VisualStudioVersion = 16.0.32802.440
MinimumVisualStudioVersion = 10.0.40219.1
Project("{FAE04EC0-301F-11D3-BF4B-00C04F79EFBC}") = "InheritanceAssignment", "InheritanceAssignment.csproj", "{425731A1-20F1-480A-A208-8FC90B7270F6}"
EndProject
Global
	GlobalSection(SolutionConfigurationPlatforms) = preSolution
		Debug|Any CPU = Debug|Any CPU
		Release|Any CPU = Release|Any CPU
	EndGlobalSection
	GlobalSection(ProjectConfigurationPlatforms) = postSolution
		{425731A1-20F1-480A-A208-8FC90B7270F6}.Debug|Any CPU.ActiveCfg = Debug|Any CPU
		{425731A1-20F1-480A-A208-8FC90B7270F6}.Debug|Any CPU.Build.0 = Debug|Any CPU
		{425731A1-20F1-480A-A208-8FC90B7270F6}.Release|Any CPU.ActiveCfg = Release|Any CPU
		{425731A1-20F1-480A-A208-8FC90B7270F6}.Release|Any CPU.Build.0 = Release|Any CPU
	EndGlobalSection
	GlobalSection(SolutionProperties) = preSolution
		HideSolutionNode = FALSE
	EndGlobalSection
	GlobalSection(ExtensibilityGlobals) = postSolution
		SolutionGuid = {4F071C71-1DAA-4A63-9685-0C906E73AD8C}
	EndGlobalSection
EndGlobal
