
Microsoft Visual Studio Solution File, Format Version 12.00
# Visual Studio Version 16
VisualStudioVersion = 16.0.32802.440
MinimumVisualStudioVersion = 10.0.40219.1
Project("{FAE04EC0-301F-11D3-BF4B-00C04F79EFBC}") = "DatetimeAssignment", "DatetimeAssignment.csproj", "{EC7EF4E4-9441-4F9D-9465-FDF9641DCDAC}"
EndProject
Global
	GlobalSection(SolutionConfigurationPlatforms) = preSolution
		Debug|Any CPU = Debug|Any CPU
		Release|Any CPU = Release|Any CPU
	EndGlobalSection
	GlobalSection(ProjectConfigurationPlatforms) = postSolution
		{EC7EF4E4-9441-4F9D-9465-FDF9641DCDAC}.Debug|Any CPU.ActiveCfg = Debug|Any CPU
		{EC7EF4E4-9441-4F9D-9465-FDF9641DCDAC}.Debug|Any CPU.Build.0 = Debug|Any CPU
		{EC7EF4E4-9441-4F9D-9465-FDF9641DCDAC}.Release|Any CPU.ActiveCfg = Release|Any CPU
		{EC7EF4E4-9441-4F9D-9465-FDF9641DCDAC}.Release|Any CPU.Build.0 = Release|Any CPU
	EndGlobalSection
	GlobalSection(SolutionProperties) = preSolution
		HideSolutionNode = FALSE
	EndGlobalSection
	GlobalSection(ExtensibilityGlobals) = postSolution
		SolutionGuid = {820680BF-2826-40E6-8D22-F77BC8E739E5}
	EndGlobalSection
EndGlobal
