
Microsoft Visual Studio Solution File, Format Version 12.00
# Visual Studio Version 16
VisualStudioVersion = 16.0.32802.440
MinimumVisualStudioVersion = 10.0.40219.1
Project("{FAE04EC0-301F-11D3-BF4B-00C04F79EFBC}") = "FileIOAssignment", "FileIOAssignment.csproj", "{66949776-8F9E-4152-9A08-5F05F5FFB68F}"
EndProject
Global
	GlobalSection(SolutionConfigurationPlatforms) = preSolution
		Debug|Any CPU = Debug|Any CPU
		Release|Any CPU = Release|Any CPU
	EndGlobalSection
	GlobalSection(ProjectConfigurationPlatforms) = postSolution
		{66949776-8F9E-4152-9A08-5F05F5FFB68F}.Debug|Any CPU.ActiveCfg = Debug|Any CPU
		{66949776-8F9E-4152-9A08-5F05F5FFB68F}.Debug|Any CPU.Build.0 = Debug|Any CPU
		{66949776-8F9E-4152-9A08-5F05F5FFB68F}.Release|Any CPU.ActiveCfg = Release|Any CPU
		{66949776-8F9E-4152-9A08-5F05F5FFB68F}.Release|Any CPU.Build.0 = Release|Any CPU
	EndGlobalSection
	GlobalSection(SolutionProperties) = preSolution
		HideSolutionNode = FALSE
	EndGlobalSection
	GlobalSection(ExtensibilityGlobals) = postSolution
		SolutionGuid = {754B7FAA-B379-4B31-90C9-25A1C2EBDA21}
	EndGlobalSection
EndGlobal
