
Microsoft Visual Studio Solution File, Format Version 12.00
# Visual Studio Version 16
VisualStudioVersion = 16.0.32802.440
MinimumVisualStudioVersion = 10.0.40219.1
Project("{FAE04EC0-301F-11D3-BF4B-00C04F79EFBC}") = "LambdaExpression", "LambdaExpression.csproj", "{261C6982-8701-4F89-B4E1-9556AEDCCBE3}"
EndProject
Global
	GlobalSection(SolutionConfigurationPlatforms) = preSolution
		Debug|Any CPU = Debug|Any CPU
		Release|Any CPU = Release|Any CPU
	EndGlobalSection
	GlobalSection(ProjectConfigurationPlatforms) = postSolution
		{261C6982-8701-4F89-B4E1-9556AEDCCBE3}.Debug|Any CPU.ActiveCfg = Debug|Any CPU
		{261C6982-8701-4F89-B4E1-9556AEDCCBE3}.Debug|Any CPU.Build.0 = Debug|Any CPU
		{261C6982-8701-4F89-B4E1-9556AEDCCBE3}.Release|Any CPU.ActiveCfg = Release|Any CPU
		{261C6982-8701-4F89-B4E1-9556AEDCCBE3}.Release|Any CPU.Build.0 = Release|Any CPU
	EndGlobalSection
	GlobalSection(SolutionProperties) = preSolution
		HideSolutionNode = FALSE
	EndGlobalSection
	GlobalSection(ExtensibilityGlobals) = postSolution
		SolutionGuid = {994FCC20-0924-4CE8-AFA1-CFD9A30C0CD4}
	EndGlobalSection
EndGlobal
