
Microsoft Visual Studio Solution File, Format Version 12.00
# Visual Studio Version 16
VisualStudioVersion = 16.0.32802.440
MinimumVisualStudioVersion = 10.0.40219.1
Project("{FAE04EC0-301F-11D3-BF4B-00C04F79EFBC}") = "ClassMethod", "ClassMethod.csproj", "{F1B66157-4D20-4211-8394-0163DFC830C3}"
EndProject
Global
	GlobalSection(SolutionConfigurationPlatforms) = preSolution
		Debug|Any CPU = Debug|Any CPU
		Release|Any CPU = Release|Any CPU
	EndGlobalSection
	GlobalSection(ProjectConfigurationPlatforms) = postSolution
		{F1B66157-4D20-4211-8394-0163DFC830C3}.Debug|Any CPU.ActiveCfg = Debug|Any CPU
		{F1B66157-4D20-4211-8394-0163DFC830C3}.Debug|Any CPU.Build.0 = Debug|Any CPU
		{F1B66157-4D20-4211-8394-0163DFC830C3}.Release|Any CPU.ActiveCfg = Release|Any CPU
		{F1B66157-4D20-4211-8394-0163DFC830C3}.Release|Any CPU.Build.0 = Release|Any CPU
	EndGlobalSection
	GlobalSection(SolutionProperties) = preSolution
		HideSolutionNode = FALSE
	EndGlobalSection
	GlobalSection(ExtensibilityGlobals) = postSolution
		SolutionGuid = {535EF06D-C36D-4BAE-AB3D-4746161B9DD7}
	EndGlobalSection
EndGlobal
