
Microsoft Visual Studio Solution File, Format Version 12.00
# Visual Studio Version 16
VisualStudioVersion = 16.0.32802.440
MinimumVisualStudioVersion = 10.0.40219.1
Project("{FAE04EC0-301F-11D3-BF4B-00C04F79EFBC}") = "AdditionalFeatures", "AdditionalFeatures.csproj", "{F3741C17-A331-42BA-8580-2F111A9B7834}"
EndProject
Global
	GlobalSection(SolutionConfigurationPlatforms) = preSolution
		Debug|Any CPU = Debug|Any CPU
		Release|Any CPU = Release|Any CPU
	EndGlobalSection
	GlobalSection(ProjectConfigurationPlatforms) = postSolution
		{F3741C17-A331-42BA-8580-2F111A9B7834}.Debug|Any CPU.ActiveCfg = Debug|Any CPU
		{F3741C17-A331-42BA-8580-2F111A9B7834}.Debug|Any CPU.Build.0 = Debug|Any CPU
		{F3741C17-A331-42BA-8580-2F111A9B7834}.Release|Any CPU.ActiveCfg = Release|Any CPU
		{F3741C17-A331-42BA-8580-2F111A9B7834}.Release|Any CPU.Build.0 = Release|Any CPU
	EndGlobalSection
	GlobalSection(SolutionProperties) = preSolution
		HideSolutionNode = FALSE
	EndGlobalSection
	GlobalSection(ExtensibilityGlobals) = postSolution
		SolutionGuid = {8F8C9FEB-314F-4DEC-9975-92E36919CB01}
	EndGlobalSection
EndGlobal
