
Microsoft Visual Studio Solution File, Format Version 12.00
# Visual Studio Version 16
VisualStudioVersion = 16.0.32802.440
MinimumVisualStudioVersion = 10.0.40219.1
Project("{FAE04EC0-301F-11D3-BF4B-00C04F79EFBC}") = "MethodAssignment", "MethodAssignment.csproj", "{9B85B0CE-BE4A-44BD-A09E-D7255CD7CCCA}"
EndProject
Global
	GlobalSection(SolutionConfigurationPlatforms) = preSolution
		Debug|Any CPU = Debug|Any CPU
		Release|Any CPU = Release|Any CPU
	EndGlobalSection
	GlobalSection(ProjectConfigurationPlatforms) = postSolution
		{9B85B0CE-BE4A-44BD-A09E-D7255CD7CCCA}.Debug|Any CPU.ActiveCfg = Debug|Any CPU
		{9B85B0CE-BE4A-44BD-A09E-D7255CD7CCCA}.Debug|Any CPU.Build.0 = Debug|Any CPU
		{9B85B0CE-BE4A-44BD-A09E-D7255CD7CCCA}.Release|Any CPU.ActiveCfg = Release|Any CPU
		{9B85B0CE-BE4A-44BD-A09E-D7255CD7CCCA}.Release|Any CPU.Build.0 = Release|Any CPU
	EndGlobalSection
	GlobalSection(SolutionProperties) = preSolution
		HideSolutionNode = FALSE
	EndGlobalSection
	GlobalSection(ExtensibilityGlobals) = postSolution
		SolutionGuid = {D37BE828-3866-4F81-9497-E1505422C668}
	EndGlobalSection
EndGlobal
