
Microsoft Visual Studio Solution File, Format Version 12.00
# Visual Studio Version 16
VisualStudioVersion = 16.0.32802.440
MinimumVisualStudioVersion = 10.0.40219.1
Project("{FAE04EC0-301F-11D3-BF4B-00C04F79EFBC}") = "ExceptionHandling", "ExceptionHandling.csproj", "{A92AF611-4BF8-4244-8037-49D60F33EA87}"
EndProject
Global
	GlobalSection(SolutionConfigurationPlatforms) = preSolution
		Debug|Any CPU = Debug|Any CPU
		Release|Any CPU = Release|Any CPU
	EndGlobalSection
	GlobalSection(ProjectConfigurationPlatforms) = postSolution
		{A92AF611-4BF8-4244-8037-49D60F33EA87}.Debug|Any CPU.ActiveCfg = Debug|Any CPU
		{A92AF611-4BF8-4244-8037-49D60F33EA87}.Debug|Any CPU.Build.0 = Debug|Any CPU
		{A92AF611-4BF8-4244-8037-49D60F33EA87}.Release|Any CPU.ActiveCfg = Release|Any CPU
		{A92AF611-4BF8-4244-8037-49D60F33EA87}.Release|Any CPU.Build.0 = Release|Any CPU
	EndGlobalSection
	GlobalSection(SolutionProperties) = preSolution
		HideSolutionNode = FALSE
	EndGlobalSection
	GlobalSection(ExtensibilityGlobals) = postSolution
		SolutionGuid = {6E8DC6CA-FFC5-454D-821F-13A571947CE5}
	EndGlobalSection
EndGlobal
